# This file is automatically @generated by Cargo.
# It is not intended for manual editing.
version = 3

[[package]]
name = "sync"
version = "0.1.0"
dependencies = [
 "volatile",
]

[[package]]
name = "volatile"
version = "0.5.4"
source = "registry+https://github.com/rust-lang/crates.io-index"
checksum = "f05a5337d258c4ef40d920ffcc5a729278951d57e6596f8b62ca7d4827613e77"
